{
  "name": "npmtest-for-using-things-and-having-a-long-name",
  "version": "1.0.2",
  "lockfileVersion": 3,
  "requires": true,
  "packages": {
    "": {
      "name": "npmtest-for-using-things-and-having-a-long-name",
      "version": "1.0.2",
      "license": "ISC"
    },
    "node_modules/npmtest": {
      "resolved": "",
      "link": true
    }
  }
}
